// !$*UTF8*$!
{
	archiveVersion = 1;
	classes = {
	};
	objectVersion = 46;
	objects = {

/* Begin PBXBuildFile section */
		A7E589CC1DD9D40700C1800C /* AppDelegate.swift in Sources */ = {isa = PBXBuildFile; fileRef = A7E589CB1DD9D40700C1800C /* AppDelegate.swift */; };
		A7E589CE1DD9D40700C1800C /* ViewController.swift in Sources */ = {isa = PBXBuildFile; fileRef = A7E589CD1DD9D40700C1800C /* ViewController.swift */; };
		A7E589D11DD9D40700C1800C /* Main.storyboard in Resources */ = {isa = PBXBuildFile; fileRef = A7E589CF1DD9D40700C1800C /* Main.storyboard */; };
		A7E589D31DD9D40800C1800C /* Assets.xcassets in Resources */ = {isa = PBXBuildFile; fileRef = A7E589D21DD9D40800C1800C /* Assets.xcassets */; };
		A7E589D61DD9D40800C1800C /* LaunchScreen.storyboard in Resources */ = {isa = PBXBuildFile; fileRef = A7E589D41DD9D40800C1800C /* LaunchScreen.storyboard */; };
		A7E589DE1DD9D4EC00C1800C /* image.png in Resources */ = {isa = PBXBuildFile; fileRef = A7E589DD1DD9D4EC00C1800C /* image.png */; };
		A7E589E01DD9D52E00C1800C /* themesong.mp3 in Resources */ = {isa = PBXBuildFile; fileRef = A7E589DF1DD9D52E00C1800C /* themesong.mp3 */; };
/* End PBXBuildFile section */

/* Begin PBXFileReference section */
		A7E589C81DD9D40700C1800C /* AudioPlayer.app */ = {isa = PBXFileReference; explicitFileType = wrapper.application; includeInIndex = 0; path = AudioPlayer.app; sourceTree = BUILT_PRODUCTS_DIR; };
		A7E589CB1DD9D40700C1800C /* AppDelegate.swift */ = {isa = PBXFileReference; lastKnownFileType = sourcecode.swift; path = AppDelegate.swift; sourceTree = "<group>"; };
		A7E589CD1DD9D40700C1800C /* ViewController.swift */ = {isa = PBXFileReference; lastKnownFileType = sourcecode.swift; path = ViewController.swift; sourceTree = "<group>"; };
		A7E589D01DD9D40700C1800C /* Base */ = {isa = PBXFileReference; lastKnownFileType = file.storyboard; name = Base; path = Base.lproj/Main.storyboard; sourceTree = "<group>"; };
		A7E589D21DD9D40800C1800C /* Assets.xcassets */ = {isa = PBXFileReference; lastKnownFileType = folder.assetcatalog; path = Assets.xcassets; sourceTree = "<group>"; };
		A7E589D51DD9D40800C1800C /* Base */ = {isa = PBXFileReference; lastKnownFileType = file.storyboard; name = Base; path = Base.lproj/LaunchScreen.storyboard; sourceTree = "<group>"; };
		A7E589D71DD9D40800C1800C /* Info.plist */ = {isa = PBXFileReference; lastKnownFileType = text.plist.xml; path = Info.plist; sourceTree = "<group>"; };
		A7E589DD1DD9D4EC00C1800C /* image.png */ = {isa = PBXFileReference; lastKnownFileType = image.png; path = image.png; sourceTree = "<group>"; };
		A7E589DF1DD9D52E00C1800C /* themesong.mp3 */ = {isa = PBXFileReference; lastKnownFileType = audio.mp3; path = themesong.mp3; sourceTree = "<group>"; };
/* End PBXFileReference section */

/* Begin PBXFrameworksBuildPhase section */
		A7E589C51DD9D40700C1800C /* Frameworks */ = {
			isa = PBXFrameworksBuildPhase;
			buildActionMask = 2147483647;
			files = (
			);
			runOnlyForDeploymentPostprocessing = 0;
		};
/* End PBXFrameworksBuildPhase section */

/* Begin PBXGroup section */
		A7E589BF1DD9D40600C1800C = {
			isa = PBXGroup;
			children = (
				A7E589DF1DD9D52E00C1800C /* themesong.mp3 */,
				A7E589CA1DD9D40700C1800C /* AudioPlayer */,
				A7E589C91DD9D40700C1800C /* Products */,
			);
			sourceTree = "<group>";
		};
		A7E589C91DD9D40700C1800C /* Products */ = {
			isa = PBXGroup;
			children = (
				A7E589C81DD9D40700C1800C /* AudioPlayer.app */,
			);
			name = Products;
			sourceTree = "<group>";
		};
		A7E589CA1DD9D40700C1800C /* AudioPlayer */ = {
			isa = PBXGroup;
			children = (
				A7E589DD1DD9D4EC00C1800C /* image.png */,
				A7E589CB1DD9D40700C1800C /* AppDelegate.swift */,
				A7E589CD1DD9D40700C1800C /* ViewController.swift */,
				A7E589CF1DD9D40700C1800C /* Main.storyboard */,
				A7E589D21DD9D40800C1800C /* Assets.xcassets */,
				A7E589D41DD9D40800C1800C /* LaunchScreen.storyboard */,
				A7E589D71DD9D40800C1800C /* Info.plist */,
			);
			path = AudioPlayer;
			sourceTree = "<group>";
		};
/* End PBXGroup section */

/* Begin PBXNativeTarget section */
		A7E589C71DD9D40700C1800C /* AudioPlayer */ = {
			isa = PBXNativeTarget;
			buildConfigurationList = A7E589DA1DD9D40800C1800C /* Build configuration list for PBXNativeTarget "AudioPlayer" */;
			buildPhases = (
				A7E589C41DD9D40700C1800C /* Sources */,
				A7E589C51DD9D40700C1800C /* Frameworks */,
				A7E589C61DD9D40700C1800C /* Resources */,
			);
			buildRules = (
			);
			dependencies = (
			);
			name = AudioPlayer;
			productName = AudioPlayer;
			productReference = A7E589C81DD9D40700C1800C /* AudioPlayer.app */;
			productType = "com.apple.product-type.application";
		};
/* End PBXNativeTarget section */

/* Begin PBXProject section */
		A7E589C01DD9D40600C1800C /* Project object */ = {
			isa = PBXProject;
			attributes = {
				LastSwiftUpdateCheck = 0810;
				LastUpgradeCheck = 0810;
				ORGANIZATIONNAME = shikha;
				TargetAttributes = {
					A7E589C71DD9D40700C1800C = {
						CreatedOnToolsVersion = 8.1;
						ProvisioningStyle = Automatic;
					};
				};
			};
			buildConfigurationList = A7E589C31DD9D40600C1800C /* Build configuration list for PBXProject "AudioPlayer" */;
			compatibilityVersion = "Xcode 3.2";
			developmentRegion = English;
			hasScannedForEncodings = 0;
			knownRegions = (
				en,
				Base,
			);
			mainGroup = A7E589BF1DD9D40600C1800C;
			productRefGroup = A7E589C91DD9D40700C1800C /* Products */;
			projectDirPath = "";
			projectRoot = "";
			targets = (
				A7E589C71DD9D40700C1800C /* AudioPlayer */,
			);
		};
/* End PBXProject section */

/* Begin PBXResourcesBuildPhase section */
		A7E589C61DD9D40700C1800C /* Resources */ = {
			isa = PBXResourcesBuildPhase;
			buildActionMask = 2147483647;
			files = (
				A7E589D61DD9D40800C1800C /* LaunchScreen.storyboard in Resources */,
				A7E589D31DD9D40800C1800C /* Assets.xcassets in Resources */,
				A7E589D11DD9D40700C1800C /* Main.storyboard in Resources */,
				A7E589DE1DD9D4EC00C1800C /* image.png in Resources */,
				A7E589E01DD9D52E00C1800C /* themesong.mp3 in Resources */,
			);
			runOnlyForDeploymentPostprocessing = 0;
		};
/* End PBXResourcesBuildPhase section */

/* Begin PBXSourcesBuildPhase section */
		A7E589C41DD9D40700C1800C /* Sources */ = {
			isa = PBXSourcesBuildPhase;
			buildActionMask = 2147483647;
			files = (
				A7E589CE1DD9D40700C1800C /* ViewController.swift in Sources */,
				A7E589CC1DD9D40700C1800C /* AppDelegate.swift in Sources */,
			);
			runOnlyForDeploymentPostprocessing = 0;
		};
/* End PBXSourcesBuildPhase section */

/* Begin PBXVariantGroup section */
		A7E589CF1DD9D40700C1800C /* Main.storyboard */ = {
			isa = PBXVariantGroup;
			children = (
				A7E589D01DD9D40700C1800C /* Base */,
			);
			name = Main.storyboard;
			sourceTree = "<group>";
		};
		A7E589D41DD9D40800C1800C /* LaunchScreen.storyboard */ = {
			isa = PBXVariantGroup;
			children = (
				A7E589D51DD9D40800C1800C /* Base */,
			);
			name = LaunchScreen.storyboard;
			sourceTree = "<group>";
		};
/* End PBXVariantGroup section */

/* Begin XCBuildConfiguration section */
		A7E589D81DD9D40800C1800C /* Debug */ = {
			isa = XCBuildConfiguration;
			buildSettings = {
				ALWAYS_SEARCH_USER_PATHS = NO;
				CLANG_ANALYZER_NONNULL = YES;
				CLANG_CXX_LANGUAGE_STANDARD = "gnu++0x";
				CLANG_CXX_LIBRARY = "libc++";
				CLANG_ENABLE_MODULES = YES;
				CLANG_ENABLE_OBJC_ARC = YES;
				CLANG_WARN_BOOL_CONVERSION = YES;
				CLANG_WARN_CONSTANT_CONVERSION = YES;
				CLANG_WARN_DIRECT_OBJC_ISA_USAGE = YES_ERROR;
				CLANG_WARN_DOCUMENTATION_COMMENTS = YES;
				CLANG_WARN_EMPTY_BODY = YES;
				CLANG_WARN_ENUM_CONVERSION = YES;
				CLANG_WARN_INFINITE_RECURSION = YES;
				CLANG_WARN_INT_CONVERSION = YES;
				CLANG_WARN_OBJC_ROOT_CLASS = YES_ERROR;
				CLANG_WARN_SUSPICIOUS_MOVES = YES;
				CLANG_WARN_UNREACHABLE_CODE = YES;
				CLANG_WARN__DUPLICATE_METHOD_MATCH = YES;
				"CODE_SIGN_IDENTITY[sdk=iphoneos*]" = "iPhone Developer";
				COPY_PHASE_STRIP = NO;
				DEBUG_INFORMATION_FORMAT = dwarf;
				ENABLE_STRICT_OBJC_MSGSEND = YES;
				ENABLE_TESTABILITY = YES;
				GCC_C_LANGUAGE_STANDARD = gnu99;
				GCC_DYNAMIC_NO_PIC = NO;
				GCC_NO_COMMON_BLOCKS = YES;
				GCC_OPTIMIZATION_LEVEL = 0;
				GCC_PREPROCESSOR_DEFINITIONS = (
					"DEBUG=1",
					"$(inherited)",
				);
				GCC_WARN_64_TO_32_BIT_CONVERSION = YES;
				GCC_WARN_ABOUT_RETURN_TYPE = YES_ERROR;
				GCC_WARN_UNDECLARED_SELECTOR = YES;
				GCC_WARN_UNINITIALIZED_AUTOS = YES_AGGRESSIVE;
				GCC_WARN_UNUSED_FUNCTION = YES;
				GCC_WARN_UNUSED_VARIABLE = YES;
				IPHONEOS_DEPLOYMENT_TARGET = 10.1;
				MTL_ENABLE_DEBUG_INFO = YES;
				ONLY_ACTIVE_ARCH = YES;
				SDKROOT = iphoneos;
				SWIFT_ACTIVE_COMPILATION_CONDITIONS = DEBUG;
				SWIFT_OPTIMIZATION_LEVEL = "-Onone";
				TARGETED_DEVICE_FAMILY = "1,2";
			};
			name = Debug;
		};
		A7E589D91DD9D40800C1800C /* Release */ = {
			isa = XCBuildConfiguration;
			buildSettings = {
				ALWAYS_SEARCH_USER_PATHS = NO;
				CLANG_ANALYZER_NONNULL = YES;
				CLANG_CXX_LANGUAGE_STANDARD = "gnu++0x";
				CLANG_CXX_LIBRARY = "libc++";
				CLANG_ENABLE_MODULES = YES;
				CLANG_ENABLE_OBJC_ARC = YES;
				CLANG_WARN_BOOL_CONVERSION = YES;
				CLANG_WARN_CONSTANT_CONVERSION = YES;
				CLANG_WARN_DIRECT_OBJC_ISA_USAGE = YES_ERROR;
				CLANG_WARN_DOCUMENTATION_COMMENTS = YES;
				CLANG_WARN_EMPTY_BODY = YES;
				CLANG_WARN_ENUM_CONVERSION = YES;
				CLANG_WARN_INFINITE_RECURSION = YES;
				CLANG_WARN_INT_CONVERSION = YES;
				CLANG_WARN_OBJC_ROOT_CLASS = YES_ERROR;
				CLANG_WARN_SUSPICIOUS_MOVES = YES;
				CLANG_WARN_UNREACHABLE_CODE = YES;
				CLANG_WARN__DUPLICATE_METHOD_MATCH = YES;
				"CODE_SIGN_IDENTITY[sdk=iphoneos*]" = "iPhone Developer";
				COPY_PHASE_STRIP = NO;
				DEBUG_INFORMATION_FORMAT = "dwarf-with-dsym";
				ENABLE_NS_ASSERTIONS = NO;
				ENABLE_STRICT_OBJC_MSGSEND = YES;
				GCC_C_LANGUAGE_STANDARD = gnu99;
				GCC_NO_COMMON_BLOCKS = YES;
				GCC_WARN_64_TO_32_BIT_CONVERSION = YES;
				GCC_WARN_ABOUT_RETURN_TYPE = YES_ERROR;
				GCC_WARN_UNDECLARED_SELECTOR = YES;
				GCC_WARN_UNINITIALIZED_AUTOS = YES_AGGRESSIVE;
				GCC_WARN_UNUSED_FUNCTION = YES;
				GCC_WARN_UNUSED_VARIABLE = YES;
				IPHONEOS_DEPLOYMENT_TARGET = 10.1;
				MTL_ENABLE_DEBUG_INFO = NO;
				SDKROOT = iphoneos;
				SWIFT_OPTIMIZATION_LEVEL = "-Owholemodule";
				TARGETED_DEVICE_FAMILY = "1,2";
				VALIDATE_PRODUCT = YES;
			};
			name = Release;
		};
		A7E589DB1DD9D40800C1800C /* Debug */ = {
			isa = XCBuildConfiguration;
			buildSettings = {
				ASSETCATALOG_COMPILER_APPICON_NAME = AppIcon;
				INFOPLIST_FILE = AudioPlayer/Info.plist;
				LD_RUNPATH_SEARCH_PATHS = "$(inherited) @executable_path/Frameworks";
				PRODUCT_BUNDLE_IDENTIFIER = in.shikha.AudioPlayer;
				PRODUCT_NAME = "$(TARGET_NAME)";
				SWIFT_VERSION = 3.0;
			};
			name = Debug;
		};
		A7E589DC1DD9D40800C1800C /* Release */ = {
			isa = XCBuildConfiguration;
			buildSettings = {
				ASSETCATALOG_COMPILER_APPICON_NAME = AppIcon;
				INFOPLIST_FILE = AudioPlayer/Info.plist;
				LD_RUNPATH_SEARCH_PATHS = "$(inherited) @executable_path/Frameworks";
				PRODUCT_BUNDLE_IDENTIFIER = in.shikha.AudioPlayer;
				PRODUCT_NAME = "$(TARGET_NAME)";
				SWIFT_VERSION = 3.0;
			};
			name = Release;
		};
/* End XCBuildConfiguration section */

/* Begin XCConfigurationList section */
		A7E589C31DD9D40600C1800C /* Build configuration list for PBXProject "AudioPlayer" */ = {
			isa = XCConfigurationList;
			buildConfigurations = (
				A7E589D81DD9D40800C1800C /* Debug */,
				A7E589D91DD9D40800C1800C /* Release */,
			);
			defaultConfigurationIsVisible = 0;
			defaultConfigurationName = Release;
		};
		A7E589DA1DD9D40800C1800C /* Build configuration list for PBXNativeTarget "AudioPlayer" */ = {
			isa = XCConfigurationList;
			buildConfigurations = (
				A7E589DB1DD9D40800C1800C /* Debug */,
				A7E589DC1DD9D40800C1800C /* Release */,
			);
			defaultConfigurationIsVisible = 0;
		};
/* End XCConfigurationList section */
	};
	rootObject = A7E589C01DD9D40600C1800C /* Project object */;
}
